
Microsoft Visual Studio Solution File, Format Version 12.00
# Visual Studio Version 17
VisualStudioVersion = 17.8.34525.116
MinimumVisualStudioVersion = 10.0.40219.1
Project("{9A19103F-16F7-4668-BE54-9A1E7A4F7556}") = "CodeConvert.CLI", "CodeConvert.CLI\CodeConvert.CLI.csproj", "{BD0422EC-9053-43DF-BB6C-F86E96D1067A}"
EndProject
Project("{9A19103F-16F7-4668-BE54-9A1E7A4F7556}") = "CodeConvert.TypeScript", "CodeConvert.TypeScript\CodeConvert.TypeScript.csproj", "{BC69401C-E02E-4323-A58B-9A391842582A}"
EndProject
Project("{9A19103F-16F7-4668-BE54-9A1E7A4F7556}") = "CodeConvert.Abstractions", "CodeConvert.Abstractions\CodeConvert.Abstractions.csproj", "{AAD3D72D-D8E2-4C60-9D0C-D2EC83526F1F}"
EndProject
Project("{9A19103F-16F7-4668-BE54-9A1E7A4F7556}") = "CodeConvert.Exceptions", "CodeConvert.Exceptions\CodeConvert.Exceptions.csproj", "{7B5AE989-8558-483A-9319-3C5DCFCF9925}"
EndProject
Project("{9A19103F-16F7-4668-BE54-9A1E7A4F7556}") = "CodeConvert.SharedServices", "CodeConvert.SharedServices\CodeConvert.SharedServices.csproj", "{EFDE0FF9-2187-4BCF-82AB-975DB571A129}"
EndProject
Project("{9A19103F-16F7-4668-BE54-9A1E7A4F7556}") = "CodeConvert.Tests", "CodeConvert.Tests\CodeConvert.Tests.csproj", "{A0C00B40-07FF-4B99-8565-ACF9C32A4E15}"
EndProject
Project("{9A19103F-16F7-4668-BE54-9A1E7A4F7556}") = "CodeConvert.Demo", "CodeConvert.Demo\CodeConvert.Demo.csproj", "{567DFAFE-2C7E-4A60-AF5D-5D48E8C87D50}"
EndProject
Project("{9A19103F-16F7-4668-BE54-9A1E7A4F7556}") = "CodeConvert", "CodeConvert\CodeConvert.csproj", "{567B1DC0-8671-4369-A977-6A92F9E6C587}"
EndProject
Project("{2150E333-8FDC-42A3-9474-1A3956D46DE8}") = "Solution Items", "Solution Items", "{2729973B-89AD-41CD-970F-FEF08386B63F}"
	ProjectSection(SolutionItems) = preProject
		README.md = README.md
	EndProjectSection
EndProject
Global
	GlobalSection(SolutionConfigurationPlatforms) = preSolution
		Debug|Any CPU = Debug|Any CPU
		Release|Any CPU = Release|Any CPU
	EndGlobalSection
	GlobalSection(ProjectConfigurationPlatforms) = postSolution
		{BD0422EC-9053-43DF-BB6C-F86E96D1067A}.Debug|Any CPU.ActiveCfg = Debug|Any CPU
		{BD0422EC-9053-43DF-BB6C-F86E96D1067A}.Debug|Any CPU.Build.0 = Debug|Any CPU
		{BD0422EC-9053-43DF-BB6C-F86E96D1067A}.Release|Any CPU.ActiveCfg = Release|Any CPU
		{BD0422EC-9053-43DF-BB6C-F86E96D1067A}.Release|Any CPU.Build.0 = Release|Any CPU
		{BC69401C-E02E-4323-A58B-9A391842582A}.Debug|Any CPU.ActiveCfg = Debug|Any CPU
		{BC69401C-E02E-4323-A58B-9A391842582A}.Debug|Any CPU.Build.0 = Debug|Any CPU
		{BC69401C-E02E-4323-A58B-9A391842582A}.Release|Any CPU.ActiveCfg = Release|Any CPU
		{BC69401C-E02E-4323-A58B-9A391842582A}.Release|Any CPU.Build.0 = Release|Any CPU
		{AAD3D72D-D8E2-4C60-9D0C-D2EC83526F1F}.Debug|Any CPU.ActiveCfg = Debug|Any CPU
		{AAD3D72D-D8E2-4C60-9D0C-D2EC83526F1F}.Debug|Any CPU.Build.0 = Debug|Any CPU
		{AAD3D72D-D8E2-4C60-9D0C-D2EC83526F1F}.Release|Any CPU.ActiveCfg = Release|Any CPU
		{AAD3D72D-D8E2-4C60-9D0C-D2EC83526F1F}.Release|Any CPU.Build.0 = Release|Any CPU
		{7B5AE989-8558-483A-9319-3C5DCFCF9925}.Debug|Any CPU.ActiveCfg = Debug|Any CPU
		{7B5AE989-8558-483A-9319-3C5DCFCF9925}.Debug|Any CPU.Build.0 = Debug|Any CPU
		{7B5AE989-8558-483A-9319-3C5DCFCF9925}.Release|Any CPU.ActiveCfg = Release|Any CPU
		{7B5AE989-8558-483A-9319-3C5DCFCF9925}.Release|Any CPU.Build.0 = Release|Any CPU
		{EFDE0FF9-2187-4BCF-82AB-975DB571A129}.Debug|Any CPU.ActiveCfg = Debug|Any CPU
		{EFDE0FF9-2187-4BCF-82AB-975DB571A129}.Debug|Any CPU.Build.0 = Debug|Any CPU
		{EFDE0FF9-2187-4BCF-82AB-975DB571A129}.Release|Any CPU.ActiveCfg = Release|Any CPU
		{EFDE0FF9-2187-4BCF-82AB-975DB571A129}.Release|Any CPU.Build.0 = Release|Any CPU
		{A0C00B40-07FF-4B99-8565-ACF9C32A4E15}.Debug|Any CPU.ActiveCfg = Debug|Any CPU
		{A0C00B40-07FF-4B99-8565-ACF9C32A4E15}.Debug|Any CPU.Build.0 = Debug|Any CPU
		{A0C00B40-07FF-4B99-8565-ACF9C32A4E15}.Release|Any CPU.ActiveCfg = Release|Any CPU
		{A0C00B40-07FF-4B99-8565-ACF9C32A4E15}.Release|Any CPU.Build.0 = Release|Any CPU
		{567DFAFE-2C7E-4A60-AF5D-5D48E8C87D50}.Debug|Any CPU.ActiveCfg = Debug|Any CPU
		{567DFAFE-2C7E-4A60-AF5D-5D48E8C87D50}.Debug|Any CPU.Build.0 = Debug|Any CPU
		{567DFAFE-2C7E-4A60-AF5D-5D48E8C87D50}.Release|Any CPU.ActiveCfg = Release|Any CPU
		{567DFAFE-2C7E-4A60-AF5D-5D48E8C87D50}.Release|Any CPU.Build.0 = Release|Any CPU
		{567B1DC0-8671-4369-A977-6A92F9E6C587}.Debug|Any CPU.ActiveCfg = Debug|Any CPU
		{567B1DC0-8671-4369-A977-6A92F9E6C587}.Debug|Any CPU.Build.0 = Debug|Any CPU
		{567B1DC0-8671-4369-A977-6A92F9E6C587}.Release|Any CPU.ActiveCfg = Release|Any CPU
		{567B1DC0-8671-4369-A977-6A92F9E6C587}.Release|Any CPU.Build.0 = Release|Any CPU
	EndGlobalSection
	GlobalSection(SolutionProperties) = preSolution
		HideSolutionNode = FALSE
	EndGlobalSection
	GlobalSection(ExtensibilityGlobals) = postSolution
		SolutionGuid = {A880BBCD-4FEB-4FAB-9399-D3B0C44CB3BF}
	EndGlobalSection
EndGlobal
